
Microsoft Visual Studio Solution File, Format Version 12.00
# Visual Studio 15
VisualStudioVersion = 15.0.27004.2002
MinimumVisualStudioVersion = 10.0.40219.1
Project("{9A19103F-16F7-4668-BE54-9A1E7A4F7556}") = "VkDotNet", "VkDotNet\VkDotNet.csproj", "{DA5E9927-CF4E-42CF-9108-67A763B55AC6}"
EndProject
Project("{6EC3EE1D-3C4E-46DD-8F32-0CC8E7565705}") = "VkDotNet.Core", "VkDotNet.Core\VkDotNet.Core.fsproj", "{51FE91FC-983B-4C9D-AEE5-BCABC8EB41C9}"
EndProject
Project("{9A19103F-16F7-4668-BE54-9A1E7A4F7556}") = "VkDotNet.Console", "VkDotNet.Console\VkDotNet.Console.csproj", "{4DA1C7F5-4843-4742-9F4A-4EB2D3908622}"
EndProject
Global
	GlobalSection(SolutionConfigurationPlatforms) = preSolution
		Debug|Any CPU = Debug|Any CPU
		Release|Any CPU = Release|Any CPU
	EndGlobalSection
	GlobalSection(ProjectConfigurationPlatforms) = postSolution
		{DA5E9927-CF4E-42CF-9108-67A763B55AC6}.Debug|Any CPU.ActiveCfg = Debug|Any CPU
		{DA5E9927-CF4E-42CF-9108-67A763B55AC6}.Debug|Any CPU.Build.0 = Debug|Any CPU
		{DA5E9927-CF4E-42CF-9108-67A763B55AC6}.Release|Any CPU.ActiveCfg = Release|Any CPU
		{DA5E9927-CF4E-42CF-9108-67A763B55AC6}.Release|Any CPU.Build.0 = Release|Any CPU
		{51FE91FC-983B-4C9D-AEE5-BCABC8EB41C9}.Debug|Any CPU.ActiveCfg = Debug|Any CPU
		{51FE91FC-983B-4C9D-AEE5-BCABC8EB41C9}.Debug|Any CPU.Build.0 = Debug|Any CPU
		{51FE91FC-983B-4C9D-AEE5-BCABC8EB41C9}.Release|Any CPU.ActiveCfg = Release|Any CPU
		{51FE91FC-983B-4C9D-AEE5-BCABC8EB41C9}.Release|Any CPU.Build.0 = Release|Any CPU
		{4DA1C7F5-4843-4742-9F4A-4EB2D3908622}.Debug|Any CPU.ActiveCfg = Debug|Any CPU
		{4DA1C7F5-4843-4742-9F4A-4EB2D3908622}.Debug|Any CPU.Build.0 = Debug|Any CPU
		{4DA1C7F5-4843-4742-9F4A-4EB2D3908622}.Release|Any CPU.ActiveCfg = Release|Any CPU
		{4DA1C7F5-4843-4742-9F4A-4EB2D3908622}.Release|Any CPU.Build.0 = Release|Any CPU
	EndGlobalSection
	GlobalSection(SolutionProperties) = preSolution
		HideSolutionNode = FALSE
	EndGlobalSection
	GlobalSection(ExtensibilityGlobals) = postSolution
		SolutionGuid = {9A5A8181-987D-4F03-8053-B53DF4C7E76A}
	EndGlobalSection
EndGlobal
