
Microsoft Visual Studio Solution File, Format Version 12.00
# Visual Studio 15
VisualStudioVersion = 15.0.26228.12
MinimumVisualStudioVersion = 10.0.40219.1
Project("{9A19103F-16F7-4668-BE54-9A1E7A4F7556}") = "vk_dotnet_Tests_Console", "vk_dotnet_Tests_Console.csproj", "{754F3159-D53C-4158-B664-C0C6FE8C7A9A}"
EndProject
Project("{9A19103F-16F7-4668-BE54-9A1E7A4F7556}") = "vk-dotnet", "..\vk-dotnet\vk-dotnet.csproj", "{DD1B2CC4-A3FB-430E-A60A-2789519F8DE0}"
EndProject
Global
	GlobalSection(SolutionConfigurationPlatforms) = preSolution
		Debug|Any CPU = Debug|Any CPU
		Release|Any CPU = Release|Any CPU
	EndGlobalSection
	GlobalSection(ProjectConfigurationPlatforms) = postSolution
		{754F3159-D53C-4158-B664-C0C6FE8C7A9A}.Debug|Any CPU.ActiveCfg = Debug|Any CPU
		{754F3159-D53C-4158-B664-C0C6FE8C7A9A}.Debug|Any CPU.Build.0 = Debug|Any CPU
		{754F3159-D53C-4158-B664-C0C6FE8C7A9A}.Release|Any CPU.ActiveCfg = Release|Any CPU
		{754F3159-D53C-4158-B664-C0C6FE8C7A9A}.Release|Any CPU.Build.0 = Release|Any CPU
		{DD1B2CC4-A3FB-430E-A60A-2789519F8DE0}.Debug|Any CPU.ActiveCfg = Debug|Any CPU
		{DD1B2CC4-A3FB-430E-A60A-2789519F8DE0}.Debug|Any CPU.Build.0 = Debug|Any CPU
		{DD1B2CC4-A3FB-430E-A60A-2789519F8DE0}.Release|Any CPU.ActiveCfg = Release|Any CPU
		{DD1B2CC4-A3FB-430E-A60A-2789519F8DE0}.Release|Any CPU.Build.0 = Release|Any CPU
	EndGlobalSection
	GlobalSection(SolutionProperties) = preSolution
		HideSolutionNode = FALSE
	EndGlobalSection
EndGlobal
